
Microsoft Visual Studio Solution File, Format Version 12.00
# Visual Studio Version 16
VisualStudioVersion = 16.0.31321.278
MinimumVisualStudioVersion = 10.0.40219.1
Project("{9A19103F-16F7-4668-BE54-9A1E7A4F7556}") = "ApiEstudiantes", "ApiEstudiantes.csproj", "{82FCEDE9-9FDC-4E2D-BD27-4A080E402D70}"
EndProject
Global
	GlobalSection(SolutionConfigurationPlatforms) = preSolution
		Debug|Any CPU = Debug|Any CPU
		Release|Any CPU = Release|Any CPU
	EndGlobalSection
	GlobalSection(ProjectConfigurationPlatforms) = postSolution
		{82FCEDE9-9FDC-4E2D-BD27-4A080E402D70}.Debug|Any CPU.ActiveCfg = Debug|Any CPU
		{82FCEDE9-9FDC-4E2D-BD27-4A080E402D70}.Debug|Any CPU.Build.0 = Debug|Any CPU
		{82FCEDE9-9FDC-4E2D-BD27-4A080E402D70}.Release|Any CPU.ActiveCfg = Release|Any CPU
		{82FCEDE9-9FDC-4E2D-BD27-4A080E402D70}.Release|Any CPU.Build.0 = Release|Any CPU
	EndGlobalSection
	GlobalSection(SolutionProperties) = preSolution
		HideSolutionNode = FALSE
	EndGlobalSection
	GlobalSection(ExtensibilityGlobals) = postSolution
		SolutionGuid = {7866C6ED-91CE-4F78-AC91-FCD48D518F21}
	EndGlobalSection
EndGlobal
